# THIS IS AN AUTOGENERATED FILE. DO NOT EDIT THIS FILE DIRECTLY.
# yarn lockfile v1


glslx@^0.1.26:
  version "0.1.26"
  resolved "https://registry.yarnpkg.com/glslx/-/glslx-0.1.26.tgz#83a7831e8f6b89e29ce224348b65c3b778b8f8d3"
  integrity sha512-3FENyX4swagvs1Yqa/z4ptsbq/x+mQ32+cTDJNPbI8UY2WzjfmRYtR2lfrPbDxs3Ngd3YtmUYF+V9IXNEpfBOQ==
